// !$*UTF8*$!
{
	archiveVersion = 1;
	classes = {
	};
	objectVersion = 77;
	objects = {

/* Begin PBXBuildFile section */
		4E087E642D61971700D62513 /* Assets.xcassets in Resources */ = {isa = PBXBuildFile; fileRef = 4E087E3C2D61971700D62513 /* Assets.xcassets */; };
/* End PBXBuildFile section */

/* Begin PBXContainerItemProxy section */
		4ED12FB42D547EB10038B4AC /* PBXContainerItemProxy */ = {
			isa = PBXContainerItemProxy;
			containerPortal = 4ED12F9B2D547EB00038B4AC /* Project object */;
			proxyType = 1;
			remoteGlobalIDString = 4ED12FA22D547EB00038B4AC;
			remoteInfo = Supermarket;
		};
		4ED12FBE2D547EB10038B4AC /* PBXContainerItemProxy */ = {
			isa = PBXContainerItemProxy;
			containerPortal = 4ED12F9B2D547EB00038B4AC /* Project object */;
			proxyType = 1;
			remoteGlobalIDString = 4ED12FA22D547EB00038B4AC;
			remoteInfo = Supermarket;
		};
/* End PBXContainerItemProxy section */

/* Begin PBXFileReference section */
		4E087E3C2D61971700D62513 /* Assets.xcassets */ = {isa = PBXFileReference; lastKnownFileType = folder.assetcatalog; path = Assets.xcassets; sourceTree = "<group>"; };
		4E7A12832D6505F70071AB17 /* Info.plist */ = {isa = PBXFileReference; lastKnownFileType = text.plist; name = Info.plist; path = Supermarket/Info.plist; sourceTree = "<group>"; };
		4ED12FA32D547EB00038B4AC /* Supermarket.app */ = {isa = PBXFileReference; explicitFileType = wrapper.application; includeInIndex = 0; path = Supermarket.app; sourceTree = BUILT_PRODUCTS_DIR; };
		4ED12FB32D547EB10038B4AC /* SupermarketTests.xctest */ = {isa = PBXFileReference; explicitFileType = wrapper.cfbundle; includeInIndex = 0; path = SupermarketTests.xctest; sourceTree = BUILT_PRODUCTS_DIR; };
		4ED12FBD2D547EB10038B4AC /* SupermarketUITests.xctest */ = {isa = PBXFileReference; explicitFileType = wrapper.cfbundle; includeInIndex = 0; path = SupermarketUITests.xctest; sourceTree = BUILT_PRODUCTS_DIR; };
/* End PBXFileReference section */

/* Begin PBXFileSystemSynchronizedBuildFileExceptionSet section */
		4E6AE3A72DBFAFB50031B04F /* Exceptions for "Json_data" folder in "Supermarket" target */ = {
			isa = PBXFileSystemSynchronizedBuildFileExceptionSet;
			membershipExceptions = (
				aggregated_products_generator.py,
				ai_running_fruit.py,
				ai_running_soda.py,
				Ai_Running_Vegetable.py,
				ai_running.py,
				category_based_cleaner.py,
				category_brand_cleaner.py,
				clusters_to_names.py,
				Filter_fruit.py,
				Filter_soda.py,
				Filter_Vegetable.py,
				Fuzzy_Cluster.py,
				Map_Unknown_Uids.py,
				pairwise_data_generator.py,
				pns_multi_category_scraper.py,
				pns_retry_failed.py,
				run_all_scripts.py,
				wellcome_multi_category.py,
			);
			target = 4ED12FA22D547EB00038B4AC /* Supermarket */;
		};
/* End PBXFileSystemSynchronizedBuildFileExceptionSet section */

/* Begin PBXFileSystemSynchronizedRootGroup section */
		4E087E892D61973000D62513 /* Auth */ = {
			isa = PBXFileSystemSynchronizedRootGroup;
			path = Auth;
			sourceTree = "<group>";
		};
		4E087E962D61973300D62513 /* Components */ = {
			isa = PBXFileSystemSynchronizedRootGroup;
			path = Components;
			sourceTree = "<group>";
		};
		4E087EA12D61973500D62513 /* Location_Data */ = {
			isa = PBXFileSystemSynchronizedRootGroup;
			path = Location_Data;
			sourceTree = "<group>";
		};
		4E087EA82D61973700D62513 /* Models */ = {
			isa = PBXFileSystemSynchronizedRootGroup;
			path = Models;
			sourceTree = "<group>";
		};
		4E087EAF2D61973A00D62513 /* Networking */ = {
			isa = PBXFileSystemSynchronizedRootGroup;
			path = Networking;
			sourceTree = "<group>";
		};
		4E087EB72D61973C00D62513 /* Pages */ = {
			isa = PBXFileSystemSynchronizedRootGroup;
			path = Pages;
			sourceTree = "<group>";
		};
		4E087EBF2D61973E00D62513 /* Preview Content */ = {
			isa = PBXFileSystemSynchronizedRootGroup;
			path = "Preview Content";
			sourceTree = "<group>";
		};
		4E087EC22D61974100D62513 /* Services */ = {
			isa = PBXFileSystemSynchronizedRootGroup;
			path = Services;
			sourceTree = "<group>";
		};
		4E087EC52D61974600D62513 /* ViewModels */ = {
			isa = PBXFileSystemSynchronizedRootGroup;
			path = ViewModels;
			sourceTree = "<group>";
		};
		4E087EC82D619CEF00D62513 /* SupermarketTests */ = {
			isa = PBXFileSystemSynchronizedRootGroup;
			path = SupermarketTests;
			sourceTree = "<group>";
		};
		4E5B7B0A2D7A01BF0073493F /* Json_data */ = {
			isa = PBXFileSystemSynchronizedRootGroup;
			exceptions = (
				4E6AE3A72DBFAFB50031B04F /* Exceptions for "Json_data" folder in "Supermarket" target */,
			);
			path = Json_data;
			sourceTree = "<group>";
		};
		4E8572FE2D7F3B050037A2F9 /* Coredata */ = {
			isa = PBXFileSystemSynchronizedRootGroup;
			path = Coredata;
			sourceTree = "<group>";
		};
		4EC9BBEB2D78BB1200F34A6B /* App */ = {
			isa = PBXFileSystemSynchronizedRootGroup;
			path = App;
			sourceTree = "<group>";
		};
		4ED12FC02D547EB10038B4AC /* SupermarketUITests */ = {
			isa = PBXFileSystemSynchronizedRootGroup;
			path = SupermarketUITests;
			sourceTree = "<group>";
		};
/* End PBXFileSystemSynchronizedRootGroup section */

/* Begin PBXFrameworksBuildPhase section */
		4ED12FA02D547EB00038B4AC /* Frameworks */ = {
			isa = PBXFrameworksBuildPhase;
			buildActionMask = 2147483647;
			files = (
			);
			runOnlyForDeploymentPostprocessing = 0;
		};
		4ED12FB02D547EB10038B4AC /* Frameworks */ = {
			isa = PBXFrameworksBuildPhase;
			buildActionMask = 2147483647;
			files = (
			);
			runOnlyForDeploymentPostprocessing = 0;
		};
		4ED12FBA2D547EB10038B4AC /* Frameworks */ = {
			isa = PBXFrameworksBuildPhase;
			buildActionMask = 2147483647;
			files = (
			);
			runOnlyForDeploymentPostprocessing = 0;
		};
/* End PBXFrameworksBuildPhase section */

/* Begin PBXGroup section */
		4E7A127D2D6484350071AB17 /* Frameworks */ = {
			isa = PBXGroup;
			children = (
			);
			name = Frameworks;
			sourceTree = "<group>";
		};
		4ED12F9A2D547EB00038B4AC = {
			isa = PBXGroup;
			children = (
				4E5B7B0A2D7A01BF0073493F /* Json_data */,
				4E7A12832D6505F70071AB17 /* Info.plist */,
				4E8572FE2D7F3B050037A2F9 /* Coredata */,
				4E087E892D61973000D62513 /* Auth */,
				4E087E962D61973300D62513 /* Components */,
				4E087EA12D61973500D62513 /* Location_Data */,
				4E087EA82D61973700D62513 /* Models */,
				4E087EAF2D61973A00D62513 /* Networking */,
				4E087EB72D61973C00D62513 /* Pages */,
				4E087EBF2D61973E00D62513 /* Preview Content */,
				4E087EC22D61974100D62513 /* Services */,
				4E087EC52D61974600D62513 /* ViewModels */,
				4E087EC82D619CEF00D62513 /* SupermarketTests */,
				4ED12FC02D547EB10038B4AC /* SupermarketUITests */,
				4E7A127D2D6484350071AB17 /* Frameworks */,
				4ED12FA42D547EB00038B4AC /* Products */,
				4EC9BBEB2D78BB1200F34A6B /* App */,
				4E087E3C2D61971700D62513 /* Assets.xcassets */,
			);
			sourceTree = "<group>";
		};
		4ED12FA42D547EB00038B4AC /* Products */ = {
			isa = PBXGroup;
			children = (
				4ED12FA32D547EB00038B4AC /* Supermarket.app */,
				4ED12FB32D547EB10038B4AC /* SupermarketTests.xctest */,
				4ED12FBD2D547EB10038B4AC /* SupermarketUITests.xctest */,
			);
			name = Products;
			sourceTree = "<group>";
		};
/* End PBXGroup section */

/* Begin PBXNativeTarget section */
		4ED12FA22D547EB00038B4AC /* Supermarket */ = {
			isa = PBXNativeTarget;
			buildConfigurationList = 4ED12FC72D547EB10038B4AC /* Build configuration list for PBXNativeTarget "Supermarket" */;
			buildPhases = (
				4ED12F9F2D547EB00038B4AC /* Sources */,
				4ED12FA02D547EB00038B4AC /* Frameworks */,
				4ED12FA12D547EB00038B4AC /* Resources */,
			);
			buildRules = (
			);
			dependencies = (
			);
			fileSystemSynchronizedGroups = (
				4E087E892D61973000D62513 /* Auth */,
				4E087E962D61973300D62513 /* Components */,
				4E087EA12D61973500D62513 /* Location_Data */,
				4E087EA82D61973700D62513 /* Models */,
				4E087EAF2D61973A00D62513 /* Networking */,
				4E087EB72D61973C00D62513 /* Pages */,
				4E087EBF2D61973E00D62513 /* Preview Content */,
				4E087EC22D61974100D62513 /* Services */,
				4E087EC52D61974600D62513 /* ViewModels */,
				4E5B7B0A2D7A01BF0073493F /* Json_data */,
				4E8572FE2D7F3B050037A2F9 /* Coredata */,
				4EC9BBEB2D78BB1200F34A6B /* App */,
			);
			name = Supermarket;
			packageProductDependencies = (
			);
			productName = Supermarket;
			productReference = 4ED12FA32D547EB00038B4AC /* Supermarket.app */;
			productType = "com.apple.product-type.application";
		};
		4ED12FB22D547EB10038B4AC /* SupermarketTests */ = {
			isa = PBXNativeTarget;
			buildConfigurationList = 4ED12FCA2D547EB10038B4AC /* Build configuration list for PBXNativeTarget "SupermarketTests" */;
			buildPhases = (
				4ED12FAF2D547EB10038B4AC /* Sources */,
				4ED12FB02D547EB10038B4AC /* Frameworks */,
				4ED12FB12D547EB10038B4AC /* Resources */,
			);
			buildRules = (
			);
			dependencies = (
				4ED12FB52D547EB10038B4AC /* PBXTargetDependency */,
			);
			name = SupermarketTests;
			packageProductDependencies = (
			);
			productName = SupermarketTests;
			productReference = 4ED12FB32D547EB10038B4AC /* SupermarketTests.xctest */;
			productType = "com.apple.product-type.bundle.unit-test";
		};
		4ED12FBC2D547EB10038B4AC /* SupermarketUITests */ = {
			isa = PBXNativeTarget;
			buildConfigurationList = 4ED12FCD2D547EB10038B4AC /* Build configuration list for PBXNativeTarget "SupermarketUITests" */;
			buildPhases = (
				4ED12FB92D547EB10038B4AC /* Sources */,
				4ED12FBA2D547EB10038B4AC /* Frameworks */,
				4ED12FBB2D547EB10038B4AC /* Resources */,
			);
			buildRules = (
			);
			dependencies = (
				4ED12FBF2D547EB10038B4AC /* PBXTargetDependency */,
			);
			fileSystemSynchronizedGroups = (
				4ED12FC02D547EB10038B4AC /* SupermarketUITests */,
			);
			name = SupermarketUITests;
			packageProductDependencies = (
			);
			productName = SupermarketUITests;
			productReference = 4ED12FBD2D547EB10038B4AC /* SupermarketUITests.xctest */;
			productType = "com.apple.product-type.bundle.ui-testing";
		};
/* End PBXNativeTarget section */

/* Begin PBXProject section */
		4ED12F9B2D547EB00038B4AC /* Project object */ = {
			isa = PBXProject;
			attributes = {
				BuildIndependentTargetsInParallel = 1;
				LastSwiftUpdateCheck = 1620;
				LastUpgradeCheck = 1620;
				TargetAttributes = {
					4ED12FA22D547EB00038B4AC = {
						CreatedOnToolsVersion = 16.2;
					};
					4ED12FB22D547EB10038B4AC = {
						CreatedOnToolsVersion = 16.2;
						TestTargetID = 4ED12FA22D547EB00038B4AC;
					};
					4ED12FBC2D547EB10038B4AC = {
						CreatedOnToolsVersion = 16.2;
						TestTargetID = 4ED12FA22D547EB00038B4AC;
					};
				};
			};
			buildConfigurationList = 4ED12F9E2D547EB00038B4AC /* Build configuration list for PBXProject "Supermarket" */;
			developmentRegion = en;
			hasScannedForEncodings = 0;
			knownRegions = (
				en,
				Base,
			);
			mainGroup = 4ED12F9A2D547EB00038B4AC;
			minimizedProjectReferenceProxies = 1;
			packageReferences = (
			);
			preferredProjectObjectVersion = 77;
			productRefGroup = 4ED12FA42D547EB00038B4AC /* Products */;
			projectDirPath = "";
			projectRoot = "";
			targets = (
				4ED12FA22D547EB00038B4AC /* Supermarket */,
				4ED12FB22D547EB10038B4AC /* SupermarketTests */,
				4ED12FBC2D547EB10038B4AC /* SupermarketUITests */,
			);
		};
/* End PBXProject section */

/* Begin PBXResourcesBuildPhase section */
		4ED12FA12D547EB00038B4AC /* Resources */ = {
			isa = PBXResourcesBuildPhase;
			buildActionMask = 2147483647;
			files = (
				4E087E642D61971700D62513 /* Assets.xcassets in Resources */,
			);
			runOnlyForDeploymentPostprocessing = 0;
		};
		4ED12FB12D547EB10038B4AC /* Resources */ = {
			isa = PBXResourcesBuildPhase;
			buildActionMask = 2147483647;
			files = (
			);
			runOnlyForDeploymentPostprocessing = 0;
		};
		4ED12FBB2D547EB10038B4AC /* Resources */ = {
			isa = PBXResourcesBuildPhase;
			buildActionMask = 2147483647;
			files = (
			);
			runOnlyForDeploymentPostprocessing = 0;
		};
/* End PBXResourcesBuildPhase section */

/* Begin PBXSourcesBuildPhase section */
		4ED12F9F2D547EB00038B4AC /* Sources */ = {
			isa = PBXSourcesBuildPhase;
			buildActionMask = 2147483647;
			files = (
			);
			runOnlyForDeploymentPostprocessing = 0;
		};
		4ED12FAF2D547EB10038B4AC /* Sources */ = {
			isa = PBXSourcesBuildPhase;
			buildActionMask = 2147483647;
			files = (
			);
			runOnlyForDeploymentPostprocessing = 0;
		};
		4ED12FB92D547EB10038B4AC /* Sources */ = {
			isa = PBXSourcesBuildPhase;
			buildActionMask = 2147483647;
			files = (
			);
			runOnlyForDeploymentPostprocessing = 0;
		};
/* End PBXSourcesBuildPhase section */

/* Begin PBXTargetDependency section */
		4ED12FB52D547EB10038B4AC /* PBXTargetDependency */ = {
			isa = PBXTargetDependency;
			target = 4ED12FA22D547EB00038B4AC /* Supermarket */;
			targetProxy = 4ED12FB42D547EB10038B4AC /* PBXContainerItemProxy */;
		};
		4ED12FBF2D547EB10038B4AC /* PBXTargetDependency */ = {
			isa = PBXTargetDependency;
			target = 4ED12FA22D547EB00038B4AC /* Supermarket */;
			targetProxy = 4ED12FBE2D547EB10038B4AC /* PBXContainerItemProxy */;
		};
/* End PBXTargetDependency section */

/* Begin XCBuildConfiguration section */
		4ED12FC52D547EB10038B4AC /* Debug */ = {
			isa = XCBuildConfiguration;
			buildSettings = {
				ALWAYS_SEARCH_USER_PATHS = NO;
				ASSETCATALOG_COMPILER_GENERATE_SWIFT_ASSET_SYMBOL_EXTENSIONS = YES;
				CLANG_ANALYZER_NONNULL = YES;
				CLANG_ANALYZER_NUMBER_OBJECT_CONVERSION = YES_AGGRESSIVE;
				CLANG_CXX_LANGUAGE_STANDARD = "gnu++20";
				CLANG_ENABLE_MODULES = YES;
				CLANG_ENABLE_OBJC_ARC = YES;
				CLANG_ENABLE_OBJC_WEAK = YES;
				CLANG_WARN_BLOCK_CAPTURE_AUTORELEASING = YES;
				CLANG_WARN_BOOL_CONVERSION = YES;
				CLANG_WARN_COMMA = YES;
				CLANG_WARN_CONSTANT_CONVERSION = YES;
				CLANG_WARN_DEPRECATED_OBJC_IMPLEMENTATIONS = YES;
				CLANG_WARN_DIRECT_OBJC_ISA_USAGE = YES_ERROR;
				CLANG_WARN_DOCUMENTATION_COMMENTS = YES;
				CLANG_WARN_EMPTY_BODY = YES;
				CLANG_WARN_ENUM_CONVERSION = YES;
				CLANG_WARN_INFINITE_RECURSION = YES;
				CLANG_WARN_INT_CONVERSION = YES;
				CLANG_WARN_NON_LITERAL_NULL_CONVERSION = YES;
				CLANG_WARN_OBJC_IMPLICIT_RETAIN_SELF = YES;
				CLANG_WARN_OBJC_LITERAL_CONVERSION = YES;
				CLANG_WARN_OBJC_ROOT_CLASS = YES_ERROR;
				CLANG_WARN_QUOTED_INCLUDE_IN_FRAMEWORK_HEADER = YES;
				CLANG_WARN_RANGE_LOOP_ANALYSIS = YES;
				CLANG_WARN_STRICT_PROTOTYPES = YES;
				CLANG_WARN_SUSPICIOUS_MOVE = YES;
				CLANG_WARN_UNGUARDED_AVAILABILITY = YES_AGGRESSIVE;
				CLANG_WARN_UNREACHABLE_CODE = YES;
				CLANG_WARN__DUPLICATE_METHOD_MATCH = YES;
				COPY_PHASE_STRIP = NO;
				DEBUG_INFORMATION_FORMAT = dwarf;
				ENABLE_STRICT_OBJC_MSGSEND = YES;
				ENABLE_TESTABILITY = YES;
				ENABLE_USER_SCRIPT_SANDBOXING = YES;
				GCC_C_LANGUAGE_STANDARD = gnu17;
				GCC_DYNAMIC_NO_PIC = NO;
				GCC_NO_COMMON_BLOCKS = YES;
				GCC_OPTIMIZATION_LEVEL = 0;
				GCC_PREPROCESSOR_DEFINITIONS = (
					"DEBUG=1",
					"$(inherited)",
				);
				GCC_WARN_64_TO_32_BIT_CONVERSION = YES;
				GCC_WARN_ABOUT_RETURN_TYPE = YES_ERROR;
				GCC_WARN_UNDECLARED_SELECTOR = YES;
				GCC_WARN_UNINITIALIZED_AUTOS = YES_AGGRESSIVE;
				GCC_WARN_UNUSED_FUNCTION = YES;
				GCC_WARN_UNUSED_VARIABLE = YES;
				IPHONEOS_DEPLOYMENT_TARGET = 18.2;
				LOCALIZATION_PREFERS_STRING_CATALOGS = YES;
				MTL_ENABLE_DEBUG_INFO = INCLUDE_SOURCE;
				MTL_FAST_MATH = YES;
				ONLY_ACTIVE_ARCH = YES;
				SDKROOT = iphoneos;
				SWIFT_ACTIVE_COMPILATION_CONDITIONS = "DEBUG $(inherited)";
				SWIFT_OPTIMIZATION_LEVEL = "-Onone";
			};
			name = Debug;
		};
		4ED12FC62D547EB10038B4AC /* Release */ = {
			isa = XCBuildConfiguration;
			buildSettings = {
				ALWAYS_SEARCH_USER_PATHS = NO;
				ASSETCATALOG_COMPILER_GENERATE_SWIFT_ASSET_SYMBOL_EXTENSIONS = YES;
				CLANG_ANALYZER_NONNULL = YES;
				CLANG_ANALYZER_NUMBER_OBJECT_CONVERSION = YES_AGGRESSIVE;
				CLANG_CXX_LANGUAGE_STANDARD = "gnu++20";
				CLANG_ENABLE_MODULES = YES;
				CLANG_ENABLE_OBJC_ARC = YES;
				CLANG_ENABLE_OBJC_WEAK = YES;
				CLANG_WARN_BLOCK_CAPTURE_AUTORELEASING = YES;
				CLANG_WARN_BOOL_CONVERSION = YES;
				CLANG_WARN_COMMA = YES;
				CLANG_WARN_CONSTANT_CONVERSION = YES;
				CLANG_WARN_DEPRECATED_OBJC_IMPLEMENTATIONS = YES;
				CLANG_WARN_DIRECT_OBJC_ISA_USAGE = YES_ERROR;
				CLANG_WARN_DOCUMENTATION_COMMENTS = YES;
				CLANG_WARN_EMPTY_BODY = YES;
				CLANG_WARN_ENUM_CONVERSION = YES;
				CLANG_WARN_INFINITE_RECURSION = YES;
				CLANG_WARN_INT_CONVERSION = YES;
				CLANG_WARN_NON_LITERAL_NULL_CONVERSION = YES;
				CLANG_WARN_OBJC_IMPLICIT_RETAIN_SELF = YES;
				CLANG_WARN_OBJC_LITERAL_CONVERSION = YES;
				CLANG_WARN_OBJC_ROOT_CLASS = YES_ERROR;
				CLANG_WARN_QUOTED_INCLUDE_IN_FRAMEWORK_HEADER = YES;
				CLANG_WARN_RANGE_LOOP_ANALYSIS = YES;
				CLANG_WARN_STRICT_PROTOTYPES = YES;
				CLANG_WARN_SUSPICIOUS_MOVE = YES;
				CLANG_WARN_UNGUARDED_AVAILABILITY = YES_AGGRESSIVE;
				CLANG_WARN_UNREACHABLE_CODE = YES;
				CLANG_WARN__DUPLICATE_METHOD_MATCH = YES;
				COPY_PHASE_STRIP = NO;
				DEBUG_INFORMATION_FORMAT = "dwarf-with-dsym";
				ENABLE_NS_ASSERTIONS = NO;
				ENABLE_STRICT_OBJC_MSGSEND = YES;
				ENABLE_USER_SCRIPT_SANDBOXING = YES;
				GCC_C_LANGUAGE_STANDARD = gnu17;
				GCC_NO_COMMON_BLOCKS = YES;
				GCC_WARN_64_TO_32_BIT_CONVERSION = YES;
				GCC_WARN_ABOUT_RETURN_TYPE = YES_ERROR;
				GCC_WARN_UNDECLARED_SELECTOR = YES;
				GCC_WARN_UNINITIALIZED_AUTOS = YES_AGGRESSIVE;
				GCC_WARN_UNUSED_FUNCTION = YES;
				GCC_WARN_UNUSED_VARIABLE = YES;
				IPHONEOS_DEPLOYMENT_TARGET = 18.2;
				LOCALIZATION_PREFERS_STRING_CATALOGS = YES;
				MTL_ENABLE_DEBUG_INFO = NO;
				MTL_FAST_MATH = YES;
				SDKROOT = iphoneos;
				SWIFT_COMPILATION_MODE = wholemodule;
				VALIDATE_PRODUCT = YES;
			};
			name = Release;
		};
		4ED12FC82D547EB10038B4AC /* Debug */ = {
			isa = XCBuildConfiguration;
			buildSettings = {
				ASSETCATALOG_COMPILER_APPICON_NAME = AppIcon;
				ASSETCATALOG_COMPILER_GLOBAL_ACCENT_COLOR_NAME = AccentColor;
				CODE_SIGN_STYLE = Automatic;
				CURRENT_PROJECT_VERSION = 1;
				DEVELOPMENT_ASSET_PATHS = "\"Supermarket/Preview Content\"";
				DEVELOPMENT_TEAM = 42254CFDPN;
				ENABLE_PREVIEWS = YES;
				GENERATE_INFOPLIST_FILE = YES;
				INFOPLIST_FILE = Supermarket/Info.plist;
				INFOPLIST_KEY_LSApplicationCategoryType = "";
				INFOPLIST_KEY_NSLocationWhenInUseUsageDescription = "此 App 需要使用您的位置來展示附近門市信息";
				INFOPLIST_KEY_UIApplicationSceneManifest_Generation = YES;
				INFOPLIST_KEY_UIApplicationSupportsIndirectInputEvents = YES;
				INFOPLIST_KEY_UILaunchScreen_Generation = YES;
				INFOPLIST_KEY_UISupportedInterfaceOrientations_iPad = "UIInterfaceOrientationPortrait UIInterfaceOrientationPortraitUpsideDown UIInterfaceOrientationLandscapeLeft UIInterfaceOrientationLandscapeRight";
				INFOPLIST_KEY_UISupportedInterfaceOrientations_iPhone = "UIInterfaceOrientationPortrait UIInterfaceOrientationLandscapeLeft UIInterfaceOrientationLandscapeRight";
				IPHONEOS_DEPLOYMENT_TARGET = 18.0;
				LD_RUNPATH_SEARCH_PATHS = (
					"$(inherited)",
					"@executable_path/Frameworks",
				);
				MARKETING_VERSION = 1.0;
				PRODUCT_BUNDLE_IDENTIFIER = CCC.Supermarket;
				PRODUCT_NAME = "$(TARGET_NAME)";
				SWIFT_EMIT_LOC_STRINGS = YES;
				SWIFT_VERSION = 5.0;
				TARGETED_DEVICE_FAMILY = "1,2";
			};
			name = Debug;
		};
		4ED12FC92D547EB10038B4AC /* Release */ = {
			isa = XCBuildConfiguration;
			buildSettings = {
				ASSETCATALOG_COMPILER_APPICON_NAME = AppIcon;
				ASSETCATALOG_COMPILER_GLOBAL_ACCENT_COLOR_NAME = AccentColor;
				CODE_SIGN_STYLE = Automatic;
				CURRENT_PROJECT_VERSION = 1;
				DEVELOPMENT_ASSET_PATHS = "\"Supermarket/Preview Content\"";
				DEVELOPMENT_TEAM = 42254CFDPN;
				ENABLE_PREVIEWS = YES;
				GENERATE_INFOPLIST_FILE = YES;
				INFOPLIST_FILE = Supermarket/Info.plist;
				INFOPLIST_KEY_LSApplicationCategoryType = "";
				INFOPLIST_KEY_NSLocationWhenInUseUsageDescription = "此 App 需要使用您的位置來展示附近門市信息";
				INFOPLIST_KEY_UIApplicationSceneManifest_Generation = YES;
				INFOPLIST_KEY_UIApplicationSupportsIndirectInputEvents = YES;
				INFOPLIST_KEY_UILaunchScreen_Generation = YES;
				INFOPLIST_KEY_UISupportedInterfaceOrientations_iPad = "UIInterfaceOrientationPortrait UIInterfaceOrientationPortraitUpsideDown UIInterfaceOrientationLandscapeLeft UIInterfaceOrientationLandscapeRight";
				INFOPLIST_KEY_UISupportedInterfaceOrientations_iPhone = "UIInterfaceOrientationPortrait UIInterfaceOrientationLandscapeLeft UIInterfaceOrientationLandscapeRight";
				IPHONEOS_DEPLOYMENT_TARGET = 18.0;
				LD_RUNPATH_SEARCH_PATHS = (
					"$(inherited)",
					"@executable_path/Frameworks",
				);
				MARKETING_VERSION = 1.0;
				PRODUCT_BUNDLE_IDENTIFIER = CCC.Supermarket;
				PRODUCT_NAME = "$(TARGET_NAME)";
				SWIFT_EMIT_LOC_STRINGS = YES;
				SWIFT_VERSION = 5.0;
				TARGETED_DEVICE_FAMILY = "1,2";
			};
			name = Release;
		};
		4ED12FCB2D547EB10038B4AC /* Debug */ = {
			isa = XCBuildConfiguration;
			buildSettings = {
				CODE_SIGN_STYLE = Automatic;
				CURRENT_PROJECT_VERSION = 1;
				DEVELOPMENT_TEAM = 42254CFDPN;
				GENERATE_INFOPLIST_FILE = YES;
				IPHONEOS_DEPLOYMENT_TARGET = 18.2;
				MARKETING_VERSION = 1.0;
				PRODUCT_BUNDLE_IDENTIFIER = CCC.SupermarketTests;
				PRODUCT_NAME = "$(TARGET_NAME)";
				SWIFT_EMIT_LOC_STRINGS = NO;
				SWIFT_VERSION = 5.0;
				TARGETED_DEVICE_FAMILY = "1,2";
				TEST_HOST = "$(BUILT_PRODUCTS_DIR)/Supermarket.app/$(BUNDLE_EXECUTABLE_FOLDER_PATH)/Supermarket";
			};
			name = Debug;
		};
		4ED12FCC2D547EB10038B4AC /* Release */ = {
			isa = XCBuildConfiguration;
			buildSettings = {
				CODE_SIGN_STYLE = Automatic;
				CURRENT_PROJECT_VERSION = 1;
				DEVELOPMENT_TEAM = 42254CFDPN;
				GENERATE_INFOPLIST_FILE = YES;
				IPHONEOS_DEPLOYMENT_TARGET = 18.2;
				MARKETING_VERSION = 1.0;
				PRODUCT_BUNDLE_IDENTIFIER = CCC.SupermarketTests;
				PRODUCT_NAME = "$(TARGET_NAME)";
				SWIFT_EMIT_LOC_STRINGS = NO;
				SWIFT_VERSION = 5.0;
				TARGETED_DEVICE_FAMILY = "1,2";
				TEST_HOST = "$(BUILT_PRODUCTS_DIR)/Supermarket.app/$(BUNDLE_EXECUTABLE_FOLDER_PATH)/Supermarket";
			};
			name = Release;
		};
		4ED12FCE2D547EB10038B4AC /* Debug */ = {
			isa = XCBuildConfiguration;
			buildSettings = {
				CODE_SIGN_STYLE = Automatic;
				CURRENT_PROJECT_VERSION = 1;
				DEVELOPMENT_TEAM = 42254CFDPN;
				GENERATE_INFOPLIST_FILE = YES;
				MARKETING_VERSION = 1.0;
				PRODUCT_BUNDLE_IDENTIFIER = CCC.SupermarketUITests;
				PRODUCT_NAME = "$(TARGET_NAME)";
				SWIFT_EMIT_LOC_STRINGS = NO;
				SWIFT_VERSION = 5.0;
				TARGETED_DEVICE_FAMILY = "1,2";
				TEST_TARGET_NAME = Supermarket;
			};
			name = Debug;
		};
		4ED12FCF2D547EB10038B4AC /* Release */ = {
			isa = XCBuildConfiguration;
			buildSettings = {
				CODE_SIGN_STYLE = Automatic;
				CURRENT_PROJECT_VERSION = 1;
				DEVELOPMENT_TEAM = 42254CFDPN;
				GENERATE_INFOPLIST_FILE = YES;
				MARKETING_VERSION = 1.0;
				PRODUCT_BUNDLE_IDENTIFIER = CCC.SupermarketUITests;
				PRODUCT_NAME = "$(TARGET_NAME)";
				SWIFT_EMIT_LOC_STRINGS = NO;
				SWIFT_VERSION = 5.0;
				TARGETED_DEVICE_FAMILY = "1,2";
				TEST_TARGET_NAME = Supermarket;
			};
			name = Release;
		};
/* End XCBuildConfiguration section */

/* Begin XCConfigurationList section */
		4ED12F9E2D547EB00038B4AC /* Build configuration list for PBXProject "Supermarket" */ = {
			isa = XCConfigurationList;
			buildConfigurations = (
				4ED12FC52D547EB10038B4AC /* Debug */,
				4ED12FC62D547EB10038B4AC /* Release */,
			);
			defaultConfigurationIsVisible = 0;
			defaultConfigurationName = Release;
		};
		4ED12FC72D547EB10038B4AC /* Build configuration list for PBXNativeTarget "Supermarket" */ = {
			isa = XCConfigurationList;
			buildConfigurations = (
				4ED12FC82D547EB10038B4AC /* Debug */,
				4ED12FC92D547EB10038B4AC /* Release */,
			);
			defaultConfigurationIsVisible = 0;
			defaultConfigurationName = Release;
		};
		4ED12FCA2D547EB10038B4AC /* Build configuration list for PBXNativeTarget "SupermarketTests" */ = {
			isa = XCConfigurationList;
			buildConfigurations = (
				4ED12FCB2D547EB10038B4AC /* Debug */,
				4ED12FCC2D547EB10038B4AC /* Release */,
			);
			defaultConfigurationIsVisible = 0;
			defaultConfigurationName = Release;
		};
		4ED12FCD2D547EB10038B4AC /* Build configuration list for PBXNativeTarget "SupermarketUITests" */ = {
			isa = XCConfigurationList;
			buildConfigurations = (
				4ED12FCE2D547EB10038B4AC /* Debug */,
				4ED12FCF2D547EB10038B4AC /* Release */,
			);
			defaultConfigurationIsVisible = 0;
			defaultConfigurationName = Release;
		};
/* End XCConfigurationList section */
	};
	rootObject = 4ED12F9B2D547EB00038B4AC /* Project object */;
}
